
Microsoft Visual Studio Solution File, Format Version 12.00
# Visual Studio 2012
Project("{FAE04EC0-301F-11D3-BF4B-00C04F79EFBC}") = "UnityVS.killSun.CSharp", "UnityVS.killSun.CSharp.csproj", "{8835A4B3-1897-4C39-ABF8-068C408E3D42}"
EndProject
Global
	GlobalSection(SolutionConfigurationPlatforms) = preSolution
		Debug|Any CPU = Debug|Any CPU
		Release|Any CPU = Release|Any CPU
	EndGlobalSection
	GlobalSection(ProjectConfigurationPlatforms) = postSolution
		{8835A4B3-1897-4C39-ABF8-068C408E3D42}.Debug|Any CPU.ActiveCfg = Debug|Any CPU
		{8835A4B3-1897-4C39-ABF8-068C408E3D42}.Debug|Any CPU.Build.0 = Debug|Any CPU
		{8835A4B3-1897-4C39-ABF8-068C408E3D42}.Release|Any CPU.ActiveCfg = Release|Any CPU
		{8835A4B3-1897-4C39-ABF8-068C408E3D42}.Release|Any CPU.Build.0 = Release|Any CPU
	EndGlobalSection
	GlobalSection(SolutionProperties) = preSolution
		HideSolutionNode = FALSE
	EndGlobalSection
EndGlobal
