
Microsoft Visual Studio Solution File, Format Version 12.00
# Visual Studio 2012
Project("{FAE04EC0-301F-11D3-BF4B-00C04F79EFBC}") = "UnityVS.popStar_haohua.CSharp", "UnityVS.popStar_haohua.CSharp.csproj", "{3CF6C729-99AA-0646-E9D5-64B1C094F058}"
EndProject
Global
	GlobalSection(SolutionConfigurationPlatforms) = preSolution
		Debug|Any CPU = Debug|Any CPU
		Release|Any CPU = Release|Any CPU
	EndGlobalSection
	GlobalSection(ProjectConfigurationPlatforms) = postSolution
		{3CF6C729-99AA-0646-E9D5-64B1C094F058}.Debug|Any CPU.ActiveCfg = Debug|Any CPU
		{3CF6C729-99AA-0646-E9D5-64B1C094F058}.Debug|Any CPU.Build.0 = Debug|Any CPU
		{3CF6C729-99AA-0646-E9D5-64B1C094F058}.Release|Any CPU.ActiveCfg = Release|Any CPU
		{3CF6C729-99AA-0646-E9D5-64B1C094F058}.Release|Any CPU.Build.0 = Release|Any CPU
	EndGlobalSection
	GlobalSection(SolutionProperties) = preSolution
		HideSolutionNode = FALSE
	EndGlobalSection
EndGlobal
